// !$*UTF8*$!
{
	archiveVersion = 1;
	classes = {
	};
	objectVersion = 46;
	objects = {

/* Begin PBXBuildFile section */
		65EDD666193F9B0B002C589A /* AppDelegate.swift in Sources */ = {isa = PBXBuildFile; fileRef = 65EDD665193F9B0B002C589A /* AppDelegate.swift */; };
		65EDD668193F9B0B002C589A /* ViewController.swift in Sources */ = {isa = PBXBuildFile; fileRef = 65EDD667193F9B0B002C589A /* ViewController.swift */; };
		65EDD66B193F9B0B002C589A /* Main.storyboard in Resources */ = {isa = PBXBuildFile; fileRef = 65EDD669193F9B0B002C589A /* Main.storyboard */; };
		65EDD66D193F9B0B002C589A /* Images.xcassets in Resources */ = {isa = PBXBuildFile; fileRef = 65EDD66C193F9B0B002C589A /* Images.xcassets */; };
		65EDD679193F9B0B002C589A /* SWIFT_FirstTests.swift in Sources */ = {isa = PBXBuildFile; fileRef = 65EDD678193F9B0B002C589A /* SWIFT_FirstTests.swift */; };
/* End PBXBuildFile section */

/* Begin PBXContainerItemProxy section */
		65EDD673193F9B0B002C589A /* PBXContainerItemProxy */ = {
			isa = PBXContainerItemProxy;
			containerPortal = 65EDD658193F9B0B002C589A /* Project object */;
			proxyType = 1;
			remoteGlobalIDString = 65EDD65F193F9B0B002C589A;
			remoteInfo = "SWIFT First";
		};
/* End PBXContainerItemProxy section */

/* Begin PBXFileReference section */
		65EDD660193F9B0B002C589A /* SWIFT First.app */ = {isa = PBXFileReference; explicitFileType = wrapper.application; includeInIndex = 0; path = "SWIFT First.app"; sourceTree = BUILT_PRODUCTS_DIR; };
		65EDD664193F9B0B002C589A /* Info.plist */ = {isa = PBXFileReference; lastKnownFileType = text.plist.xml; path = Info.plist; sourceTree = "<group>"; };
		65EDD665193F9B0B002C589A /* AppDelegate.swift */ = {isa = PBXFileReference; lastKnownFileType = sourcecode.swift; path = AppDelegate.swift; sourceTree = "<group>"; };
		65EDD667193F9B0B002C589A /* ViewController.swift */ = {isa = PBXFileReference; lastKnownFileType = sourcecode.swift; path = ViewController.swift; sourceTree = "<group>"; };
		65EDD66A193F9B0B002C589A /* Base */ = {isa = PBXFileReference; lastKnownFileType = file.storyboard; name = Base; path = Base.lproj/Main.storyboard; sourceTree = "<group>"; };
		65EDD66C193F9B0B002C589A /* Images.xcassets */ = {isa = PBXFileReference; lastKnownFileType = folder.assetcatalog; path = Images.xcassets; sourceTree = "<group>"; };
		65EDD672193F9B0B002C589A /* SWIFT FirstTests.xctest */ = {isa = PBXFileReference; explicitFileType = wrapper.cfbundle; includeInIndex = 0; path = "SWIFT FirstTests.xctest"; sourceTree = BUILT_PRODUCTS_DIR; };
		65EDD677193F9B0B002C589A /* Info.plist */ = {isa = PBXFileReference; lastKnownFileType = text.plist.xml; path = Info.plist; sourceTree = "<group>"; };
		65EDD678193F9B0B002C589A /* SWIFT_FirstTests.swift */ = {isa = PBXFileReference; lastKnownFileType = sourcecode.swift; path = SWIFT_FirstTests.swift; sourceTree = "<group>"; };
/* End PBXFileReference section */

/* Begin PBXFrameworksBuildPhase section */
		65EDD65D193F9B0B002C589A /* Frameworks */ = {
			isa = PBXFrameworksBuildPhase;
			buildActionMask = 2147483647;
			files = (
			);
			runOnlyForDeploymentPostprocessing = 0;
		};
		65EDD66F193F9B0B002C589A /* Frameworks */ = {
			isa = PBXFrameworksBuildPhase;
			buildActionMask = 2147483647;
			files = (
			);
			runOnlyForDeploymentPostprocessing = 0;
		};
/* End PBXFrameworksBuildPhase section */

/* Begin PBXGroup section */
		65EDD657193F9B0B002C589A = {
			isa = PBXGroup;
			children = (
				65EDD662193F9B0B002C589A /* SWIFT First */,
				65EDD675193F9B0B002C589A /* SWIFT FirstTests */,
				65EDD661193F9B0B002C589A /* Products */,
			);
			sourceTree = "<group>";
		};
		65EDD661193F9B0B002C589A /* Products */ = {
			isa = PBXGroup;
			children = (
				65EDD660193F9B0B002C589A /* SWIFT First.app */,
				65EDD672193F9B0B002C589A /* SWIFT FirstTests.xctest */,
			);
			name = Products;
			sourceTree = "<group>";
		};
		65EDD662193F9B0B002C589A /* SWIFT First */ = {
			isa = PBXGroup;
			children = (
				65EDD665193F9B0B002C589A /* AppDelegate.swift */,
				65EDD667193F9B0B002C589A /* ViewController.swift */,
				65EDD669193F9B0B002C589A /* Main.storyboard */,
				65EDD66C193F9B0B002C589A /* Images.xcassets */,
				65EDD663193F9B0B002C589A /* Supporting Files */,
			);
			path = "SWIFT First";
			sourceTree = "<group>";
		};
		65EDD663193F9B0B002C589A /* Supporting Files */ = {
			isa = PBXGroup;
			children = (
				65EDD664193F9B0B002C589A /* Info.plist */,
			);
			name = "Supporting Files";
			sourceTree = "<group>";
		};
		65EDD675193F9B0B002C589A /* SWIFT FirstTests */ = {
			isa = PBXGroup;
			children = (
				65EDD678193F9B0B002C589A /* SWIFT_FirstTests.swift */,
				65EDD676193F9B0B002C589A /* Supporting Files */,
			);
			path = "SWIFT FirstTests";
			sourceTree = "<group>";
		};
		65EDD676193F9B0B002C589A /* Supporting Files */ = {
			isa = PBXGroup;
			children = (
				65EDD677193F9B0B002C589A /* Info.plist */,
			);
			name = "Supporting Files";
			sourceTree = "<group>";
		};
/* End PBXGroup section */

/* Begin PBXNativeTarget section */
		65EDD65F193F9B0B002C589A /* SWIFT First */ = {
			isa = PBXNativeTarget;
			buildConfigurationList = 65EDD67C193F9B0B002C589A /* Build configuration list for PBXNativeTarget "SWIFT First" */;
			buildPhases = (
				65EDD65C193F9B0B002C589A /* Sources */,
				65EDD65D193F9B0B002C589A /* Frameworks */,
				65EDD65E193F9B0B002C589A /* Resources */,
			);
			buildRules = (
			);
			dependencies = (
			);
			name = "SWIFT First";
			productName = "SWIFT First";
			productReference = 65EDD660193F9B0B002C589A /* SWIFT First.app */;
			productType = "com.apple.product-type.application";
		};
		65EDD671193F9B0B002C589A /* SWIFT FirstTests */ = {
			isa = PBXNativeTarget;
			buildConfigurationList = 65EDD67F193F9B0B002C589A /* Build configuration list for PBXNativeTarget "SWIFT FirstTests" */;
			buildPhases = (
				65EDD66E193F9B0B002C589A /* Sources */,
				65EDD66F193F9B0B002C589A /* Frameworks */,
				65EDD670193F9B0B002C589A /* Resources */,
			);
			buildRules = (
			);
			dependencies = (
				65EDD674193F9B0B002C589A /* PBXTargetDependency */,
			);
			name = "SWIFT FirstTests";
			productName = "SWIFT FirstTests";
			productReference = 65EDD672193F9B0B002C589A /* SWIFT FirstTests.xctest */;
			productType = "com.apple.product-type.bundle.unit-test";
		};
/* End PBXNativeTarget section */

/* Begin PBXProject section */
		65EDD658193F9B0B002C589A /* Project object */ = {
			isa = PBXProject;
			attributes = {
				LastUpgradeCheck = 0600;
				ORGANIZATIONNAME = "Daniel López";
				TargetAttributes = {
					65EDD65F193F9B0B002C589A = {
						CreatedOnToolsVersion = 6.0;
					};
					65EDD671193F9B0B002C589A = {
						CreatedOnToolsVersion = 6.0;
						TestTargetID = 65EDD65F193F9B0B002C589A;
					};
				};
			};
			buildConfigurationList = 65EDD65B193F9B0B002C589A /* Build configuration list for PBXProject "SWIFT First" */;
			compatibilityVersion = "Xcode 3.2";
			developmentRegion = English;
			hasScannedForEncodings = 0;
			knownRegions = (
				en,
				Base,
			);
			mainGroup = 65EDD657193F9B0B002C589A;
			productRefGroup = 65EDD661193F9B0B002C589A /* Products */;
			projectDirPath = "";
			projectRoot = "";
			targets = (
				65EDD65F193F9B0B002C589A /* SWIFT First */,
				65EDD671193F9B0B002C589A /* SWIFT FirstTests */,
			);
		};
/* End PBXProject section */

/* Begin PBXResourcesBuildPhase section */
		65EDD65E193F9B0B002C589A /* Resources */ = {
			isa = PBXResourcesBuildPhase;
			buildActionMask = 2147483647;
			files = (
				65EDD66B193F9B0B002C589A /* Main.storyboard in Resources */,
				65EDD66D193F9B0B002C589A /* Images.xcassets in Resources */,
			);
			runOnlyForDeploymentPostprocessing = 0;
		};
		65EDD670193F9B0B002C589A /* Resources */ = {
			isa = PBXResourcesBuildPhase;
			buildActionMask = 2147483647;
			files = (
			);
			runOnlyForDeploymentPostprocessing = 0;
		};
/* End PBXResourcesBuildPhase section */

/* Begin PBXSourcesBuildPhase section */
		65EDD65C193F9B0B002C589A /* Sources */ = {
			isa = PBXSourcesBuildPhase;
			buildActionMask = 2147483647;
			files = (
				65EDD668193F9B0B002C589A /* ViewController.swift in Sources */,
				65EDD666193F9B0B002C589A /* AppDelegate.swift in Sources */,
			);
			runOnlyForDeploymentPostprocessing = 0;
		};
		65EDD66E193F9B0B002C589A /* Sources */ = {
			isa = PBXSourcesBuildPhase;
			buildActionMask = 2147483647;
			files = (
				65EDD679193F9B0B002C589A /* SWIFT_FirstTests.swift in Sources */,
			);
			runOnlyForDeploymentPostprocessing = 0;
		};
/* End PBXSourcesBuildPhase section */

/* Begin PBXTargetDependency section */
		65EDD674193F9B0B002C589A /* PBXTargetDependency */ = {
			isa = PBXTargetDependency;
			target = 65EDD65F193F9B0B002C589A /* SWIFT First */;
			targetProxy = 65EDD673193F9B0B002C589A /* PBXContainerItemProxy */;
		};
/* End PBXTargetDependency section */

/* Begin PBXVariantGroup section */
		65EDD669193F9B0B002C589A /* Main.storyboard */ = {
			isa = PBXVariantGroup;
			children = (
				65EDD66A193F9B0B002C589A /* Base */,
			);
			name = Main.storyboard;
			sourceTree = "<group>";
		};
/* End PBXVariantGroup section */

/* Begin XCBuildConfiguration section */
		65EDD67A193F9B0B002C589A /* Debug */ = {
			isa = XCBuildConfiguration;
			buildSettings = {
				ALWAYS_SEARCH_USER_PATHS = NO;
				CLANG_CXX_LANGUAGE_STANDARD = "gnu++0x";
				CLANG_CXX_LIBRARY = "libc++";
				CLANG_ENABLE_MODULES = YES;
				CLANG_ENABLE_OBJC_ARC = YES;
				CLANG_WARN_BOOL_CONVERSION = YES;
				CLANG_WARN_CONSTANT_CONVERSION = YES;
				CLANG_WARN_DIRECT_OBJC_ISA_USAGE = YES_ERROR;
				CLANG_WARN_EMPTY_BODY = YES;
				CLANG_WARN_ENUM_CONVERSION = YES;
				CLANG_WARN_INT_CONVERSION = YES;
				CLANG_WARN_OBJC_ROOT_CLASS = YES_ERROR;
				CLANG_WARN_UNREACHABLE_CODE = YES;
				CLANG_WARN__DUPLICATE_METHOD_MATCH = YES;
				"CODE_SIGN_IDENTITY[sdk=iphoneos*]" = "iPhone Developer";
				COPY_PHASE_STRIP = NO;
				ENABLE_STRICT_OBJC_MSGSEND = YES;
				GCC_C_LANGUAGE_STANDARD = gnu99;
				GCC_DYNAMIC_NO_PIC = NO;
				GCC_OPTIMIZATION_LEVEL = 0;
				GCC_PREPROCESSOR_DEFINITIONS = (
					"DEBUG=1",
					"$(inherited)",
				);
				GCC_SYMBOLS_PRIVATE_EXTERN = NO;
				GCC_WARN_64_TO_32_BIT_CONVERSION = YES;
				GCC_WARN_ABOUT_RETURN_TYPE = YES_ERROR;
				GCC_WARN_UNDECLARED_SELECTOR = YES;
				GCC_WARN_UNINITIALIZED_AUTOS = YES_AGGRESSIVE;
				GCC_WARN_UNUSED_FUNCTION = YES;
				GCC_WARN_UNUSED_VARIABLE = YES;
				IPHONEOS_DEPLOYMENT_TARGET = 8.0;
				METAL_ENABLE_DEBUG_INFO = YES;
				ONLY_ACTIVE_ARCH = YES;
				SDKROOT = iphoneos;
				SWIFT_OPTIMIZATION_LEVEL = "-Onone";
			};
			name = Debug;
		};
		65EDD67B193F9B0B002C589A /* Release */ = {
			isa = XCBuildConfiguration;
			buildSettings = {
				ALWAYS_SEARCH_USER_PATHS = NO;
				CLANG_CXX_LANGUAGE_STANDARD = "gnu++0x";
				CLANG_CXX_LIBRARY = "libc++";
				CLANG_ENABLE_MODULES = YES;
				CLANG_ENABLE_OBJC_ARC = YES;
				CLANG_WARN_BOOL_CONVERSION = YES;
				CLANG_WARN_CONSTANT_CONVERSION = YES;
				CLANG_WARN_DIRECT_OBJC_ISA_USAGE = YES_ERROR;
				CLANG_WARN_EMPTY_BODY = YES;
				CLANG_WARN_ENUM_CONVERSION = YES;
				CLANG_WARN_INT_CONVERSION = YES;
				CLANG_WARN_OBJC_ROOT_CLASS = YES_ERROR;
				CLANG_WARN_UNREACHABLE_CODE = YES;
				CLANG_WARN__DUPLICATE_METHOD_MATCH = YES;
				"CODE_SIGN_IDENTITY[sdk=iphoneos*]" = "iPhone Developer";
				COPY_PHASE_STRIP = YES;
				ENABLE_NS_ASSERTIONS = NO;
				ENABLE_STRICT_OBJC_MSGSEND = YES;
				GCC_C_LANGUAGE_STANDARD = gnu99;
				GCC_WARN_64_TO_32_BIT_CONVERSION = YES;
				GCC_WARN_ABOUT_RETURN_TYPE = YES_ERROR;
				GCC_WARN_UNDECLARED_SELECTOR = YES;
				GCC_WARN_UNINITIALIZED_AUTOS = YES_AGGRESSIVE;
				GCC_WARN_UNUSED_FUNCTION = YES;
				GCC_WARN_UNUSED_VARIABLE = YES;
				IPHONEOS_DEPLOYMENT_TARGET = 8.0;
				METAL_ENABLE_DEBUG_INFO = NO;
				SDKROOT = iphoneos;
				VALIDATE_PRODUCT = YES;
			};
			name = Release;
		};
		65EDD67D193F9B0B002C589A /* Debug */ = {
			isa = XCBuildConfiguration;
			buildSettings = {
				ASSETCATALOG_COMPILER_APPICON_NAME = AppIcon;
				ASSETCATALOG_COMPILER_LAUNCHIMAGE_NAME = LaunchImage;
				INFOPLIST_FILE = "SWIFT First/Info.plist";
				LD_RUNPATH_SEARCH_PATHS = "$(inherited) @executable_path/Frameworks";
				PRODUCT_NAME = "$(TARGET_NAME)";
			};
			name = Debug;
		};
		65EDD67E193F9B0B002C589A /* Release */ = {
			isa = XCBuildConfiguration;
			buildSettings = {
				ASSETCATALOG_COMPILER_APPICON_NAME = AppIcon;
				ASSETCATALOG_COMPILER_LAUNCHIMAGE_NAME = LaunchImage;
				INFOPLIST_FILE = "SWIFT First/Info.plist";
				LD_RUNPATH_SEARCH_PATHS = "$(inherited) @executable_path/Frameworks";
				PRODUCT_NAME = "$(TARGET_NAME)";
			};
			name = Release;
		};
		65EDD680193F9B0B002C589A /* Debug */ = {
			isa = XCBuildConfiguration;
			buildSettings = {
				BUNDLE_LOADER = "$(BUILT_PRODUCTS_DIR)/SWIFT First.app/SWIFT First";
				FRAMEWORK_SEARCH_PATHS = (
					"$(SDKROOT)/Developer/Library/Frameworks",
					"$(inherited)",
				);
				GCC_PREPROCESSOR_DEFINITIONS = (
					"DEBUG=1",
					"$(inherited)",
				);
				INFOPLIST_FILE = "SWIFT FirstTests/Info.plist";
				LD_RUNPATH_SEARCH_PATHS = "$(inherited) @executable_path/Frameworks @loader_path/Frameworks";
				METAL_ENABLE_DEBUG_INFO = YES;
				PRODUCT_NAME = "$(TARGET_NAME)";
				TEST_HOST = "$(BUNDLE_LOADER)";
			};
			name = Debug;
		};
		65EDD681193F9B0B002C589A /* Release */ = {
			isa = XCBuildConfiguration;
			buildSettings = {
				BUNDLE_LOADER = "$(BUILT_PRODUCTS_DIR)/SWIFT First.app/SWIFT First";
				FRAMEWORK_SEARCH_PATHS = (
					"$(SDKROOT)/Developer/Library/Frameworks",
					"$(inherited)",
				);
				INFOPLIST_FILE = "SWIFT FirstTests/Info.plist";
				LD_RUNPATH_SEARCH_PATHS = "$(inherited) @executable_path/Frameworks @loader_path/Frameworks";
				METAL_ENABLE_DEBUG_INFO = NO;
				PRODUCT_NAME = "$(TARGET_NAME)";
				TEST_HOST = "$(BUNDLE_LOADER)";
			};
			name = Release;
		};
/* End XCBuildConfiguration section */

/* Begin XCConfigurationList section */
		65EDD65B193F9B0B002C589A /* Build configuration list for PBXProject "SWIFT First" */ = {
			isa = XCConfigurationList;
			buildConfigurations = (
				65EDD67A193F9B0B002C589A /* Debug */,
				65EDD67B193F9B0B002C589A /* Release */,
			);
			defaultConfigurationIsVisible = 0;
			defaultConfigurationName = Release;
		};
		65EDD67C193F9B0B002C589A /* Build configuration list for PBXNativeTarget "SWIFT First" */ = {
			isa = XCConfigurationList;
			buildConfigurations = (
				65EDD67D193F9B0B002C589A /* Debug */,
				65EDD67E193F9B0B002C589A /* Release */,
			);
			defaultConfigurationIsVisible = 0;
		};
		65EDD67F193F9B0B002C589A /* Build configuration list for PBXNativeTarget "SWIFT FirstTests" */ = {
			isa = XCConfigurationList;
			buildConfigurations = (
				65EDD680193F9B0B002C589A /* Debug */,
				65EDD681193F9B0B002C589A /* Release */,
			);
			defaultConfigurationIsVisible = 0;
		};
/* End XCConfigurationList section */
	};
	rootObject = 65EDD658193F9B0B002C589A /* Project object */;
}
