// !$*UTF8*$!
{
	archiveVersion = 1;
	classes = {
	};
	objectVersion = 46;
	objects = {

/* Begin PBXBuildFile section */
		65A871AD1944FCBB002D3121 /* AppDelegate.swift in Sources */ = {isa = PBXBuildFile; fileRef = 65A871AC1944FCBB002D3121 /* AppDelegate.swift */; };
		65A871AF1944FCBB002D3121 /* Images.xcassets in Resources */ = {isa = PBXBuildFile; fileRef = 65A871AE1944FCBB002D3121 /* Images.xcassets */; };
		65A871BB1944FCBB002D3121 /* HompwnerTests.swift in Sources */ = {isa = PBXBuildFile; fileRef = 65A871BA1944FCBB002D3121 /* HompwnerTests.swift */; };
		65A871C51944FD13002D3121 /* ItemsViewController.swift in Sources */ = {isa = PBXBuildFile; fileRef = 65A871C41944FD13002D3121 /* ItemsViewController.swift */; };
		65A871C719450808002D3121 /* ItemStore.swift in Sources */ = {isa = PBXBuildFile; fileRef = 65A871C619450808002D3121 /* ItemStore.swift */; };
		65F2925B19450BEC001CD7D0 /* Item.swift in Sources */ = {isa = PBXBuildFile; fileRef = 65F2925A19450BEC001CD7D0 /* Item.swift */; };
/* End PBXBuildFile section */

/* Begin PBXContainerItemProxy section */
		65A871B51944FCBB002D3121 /* PBXContainerItemProxy */ = {
			isa = PBXContainerItemProxy;
			containerPortal = 65A8719F1944FCBB002D3121 /* Project object */;
			proxyType = 1;
			remoteGlobalIDString = 65A871A61944FCBB002D3121;
			remoteInfo = Hompwner;
		};
/* End PBXContainerItemProxy section */

/* Begin PBXFileReference section */
		65A871A71944FCBB002D3121 /* Hompwner.app */ = {isa = PBXFileReference; explicitFileType = wrapper.application; includeInIndex = 0; path = Hompwner.app; sourceTree = BUILT_PRODUCTS_DIR; };
		65A871AB1944FCBB002D3121 /* Info.plist */ = {isa = PBXFileReference; lastKnownFileType = text.plist.xml; path = Info.plist; sourceTree = "<group>"; };
		65A871AC1944FCBB002D3121 /* AppDelegate.swift */ = {isa = PBXFileReference; lastKnownFileType = sourcecode.swift; path = AppDelegate.swift; sourceTree = "<group>"; };
		65A871AE1944FCBB002D3121 /* Images.xcassets */ = {isa = PBXFileReference; lastKnownFileType = folder.assetcatalog; path = Images.xcassets; sourceTree = "<group>"; };
		65A871B41944FCBB002D3121 /* HompwnerTests.xctest */ = {isa = PBXFileReference; explicitFileType = wrapper.cfbundle; includeInIndex = 0; path = HompwnerTests.xctest; sourceTree = BUILT_PRODUCTS_DIR; };
		65A871B91944FCBB002D3121 /* Info.plist */ = {isa = PBXFileReference; lastKnownFileType = text.plist.xml; path = Info.plist; sourceTree = "<group>"; };
		65A871BA1944FCBB002D3121 /* HompwnerTests.swift */ = {isa = PBXFileReference; lastKnownFileType = sourcecode.swift; path = HompwnerTests.swift; sourceTree = "<group>"; };
		65A871C41944FD13002D3121 /* ItemsViewController.swift */ = {isa = PBXFileReference; fileEncoding = 4; lastKnownFileType = sourcecode.swift; path = ItemsViewController.swift; sourceTree = "<group>"; };
		65A871C619450808002D3121 /* ItemStore.swift */ = {isa = PBXFileReference; fileEncoding = 4; lastKnownFileType = sourcecode.swift; path = ItemStore.swift; sourceTree = "<group>"; };
		65F2925A19450BEC001CD7D0 /* Item.swift */ = {isa = PBXFileReference; fileEncoding = 4; lastKnownFileType = sourcecode.swift; path = Item.swift; sourceTree = "<group>"; };
/* End PBXFileReference section */

/* Begin PBXFrameworksBuildPhase section */
		65A871A41944FCBB002D3121 /* Frameworks */ = {
			isa = PBXFrameworksBuildPhase;
			buildActionMask = 2147483647;
			files = (
			);
			runOnlyForDeploymentPostprocessing = 0;
		};
		65A871B11944FCBB002D3121 /* Frameworks */ = {
			isa = PBXFrameworksBuildPhase;
			buildActionMask = 2147483647;
			files = (
			);
			runOnlyForDeploymentPostprocessing = 0;
		};
/* End PBXFrameworksBuildPhase section */

/* Begin PBXGroup section */
		65A8719E1944FCBB002D3121 = {
			isa = PBXGroup;
			children = (
				65A871A91944FCBB002D3121 /* Hompwner */,
				65A871B71944FCBB002D3121 /* HompwnerTests */,
				65A871A81944FCBB002D3121 /* Products */,
			);
			sourceTree = "<group>";
		};
		65A871A81944FCBB002D3121 /* Products */ = {
			isa = PBXGroup;
			children = (
				65A871A71944FCBB002D3121 /* Hompwner.app */,
				65A871B41944FCBB002D3121 /* HompwnerTests.xctest */,
			);
			name = Products;
			sourceTree = "<group>";
		};
		65A871A91944FCBB002D3121 /* Hompwner */ = {
			isa = PBXGroup;
			children = (
				65A871AC1944FCBB002D3121 /* AppDelegate.swift */,
				65A871C619450808002D3121 /* ItemStore.swift */,
				65F2925A19450BEC001CD7D0 /* Item.swift */,
				65A871C41944FD13002D3121 /* ItemsViewController.swift */,
				65A871AE1944FCBB002D3121 /* Images.xcassets */,
				65A871AA1944FCBB002D3121 /* Supporting Files */,
			);
			path = Hompwner;
			sourceTree = "<group>";
		};
		65A871AA1944FCBB002D3121 /* Supporting Files */ = {
			isa = PBXGroup;
			children = (
				65A871AB1944FCBB002D3121 /* Info.plist */,
			);
			name = "Supporting Files";
			sourceTree = "<group>";
		};
		65A871B71944FCBB002D3121 /* HompwnerTests */ = {
			isa = PBXGroup;
			children = (
				65A871BA1944FCBB002D3121 /* HompwnerTests.swift */,
				65A871B81944FCBB002D3121 /* Supporting Files */,
			);
			path = HompwnerTests;
			sourceTree = "<group>";
		};
		65A871B81944FCBB002D3121 /* Supporting Files */ = {
			isa = PBXGroup;
			children = (
				65A871B91944FCBB002D3121 /* Info.plist */,
			);
			name = "Supporting Files";
			sourceTree = "<group>";
		};
/* End PBXGroup section */

/* Begin PBXNativeTarget section */
		65A871A61944FCBB002D3121 /* Hompwner */ = {
			isa = PBXNativeTarget;
			buildConfigurationList = 65A871BE1944FCBB002D3121 /* Build configuration list for PBXNativeTarget "Hompwner" */;
			buildPhases = (
				65A871A31944FCBB002D3121 /* Sources */,
				65A871A41944FCBB002D3121 /* Frameworks */,
				65A871A51944FCBB002D3121 /* Resources */,
			);
			buildRules = (
			);
			dependencies = (
			);
			name = Hompwner;
			productName = Hompwner;
			productReference = 65A871A71944FCBB002D3121 /* Hompwner.app */;
			productType = "com.apple.product-type.application";
		};
		65A871B31944FCBB002D3121 /* HompwnerTests */ = {
			isa = PBXNativeTarget;
			buildConfigurationList = 65A871C11944FCBB002D3121 /* Build configuration list for PBXNativeTarget "HompwnerTests" */;
			buildPhases = (
				65A871B01944FCBB002D3121 /* Sources */,
				65A871B11944FCBB002D3121 /* Frameworks */,
				65A871B21944FCBB002D3121 /* Resources */,
			);
			buildRules = (
			);
			dependencies = (
				65A871B61944FCBB002D3121 /* PBXTargetDependency */,
			);
			name = HompwnerTests;
			productName = HompwnerTests;
			productReference = 65A871B41944FCBB002D3121 /* HompwnerTests.xctest */;
			productType = "com.apple.product-type.bundle.unit-test";
		};
/* End PBXNativeTarget section */

/* Begin PBXProject section */
		65A8719F1944FCBB002D3121 /* Project object */ = {
			isa = PBXProject;
			attributes = {
				LastUpgradeCheck = 0600;
				ORGANIZATIONNAME = "Daniel López";
				TargetAttributes = {
					65A871A61944FCBB002D3121 = {
						CreatedOnToolsVersion = 6.0;
					};
					65A871B31944FCBB002D3121 = {
						CreatedOnToolsVersion = 6.0;
						TestTargetID = 65A871A61944FCBB002D3121;
					};
				};
			};
			buildConfigurationList = 65A871A21944FCBB002D3121 /* Build configuration list for PBXProject "Hompwner" */;
			compatibilityVersion = "Xcode 3.2";
			developmentRegion = English;
			hasScannedForEncodings = 0;
			knownRegions = (
				en,
			);
			mainGroup = 65A8719E1944FCBB002D3121;
			productRefGroup = 65A871A81944FCBB002D3121 /* Products */;
			projectDirPath = "";
			projectRoot = "";
			targets = (
				65A871A61944FCBB002D3121 /* Hompwner */,
				65A871B31944FCBB002D3121 /* HompwnerTests */,
			);
		};
/* End PBXProject section */

/* Begin PBXResourcesBuildPhase section */
		65A871A51944FCBB002D3121 /* Resources */ = {
			isa = PBXResourcesBuildPhase;
			buildActionMask = 2147483647;
			files = (
				65A871AF1944FCBB002D3121 /* Images.xcassets in Resources */,
			);
			runOnlyForDeploymentPostprocessing = 0;
		};
		65A871B21944FCBB002D3121 /* Resources */ = {
			isa = PBXResourcesBuildPhase;
			buildActionMask = 2147483647;
			files = (
			);
			runOnlyForDeploymentPostprocessing = 0;
		};
/* End PBXResourcesBuildPhase section */

/* Begin PBXSourcesBuildPhase section */
		65A871A31944FCBB002D3121 /* Sources */ = {
			isa = PBXSourcesBuildPhase;
			buildActionMask = 2147483647;
			files = (
				65F2925B19450BEC001CD7D0 /* Item.swift in Sources */,
				65A871AD1944FCBB002D3121 /* AppDelegate.swift in Sources */,
				65A871C51944FD13002D3121 /* ItemsViewController.swift in Sources */,
				65A871C719450808002D3121 /* ItemStore.swift in Sources */,
			);
			runOnlyForDeploymentPostprocessing = 0;
		};
		65A871B01944FCBB002D3121 /* Sources */ = {
			isa = PBXSourcesBuildPhase;
			buildActionMask = 2147483647;
			files = (
				65A871BB1944FCBB002D3121 /* HompwnerTests.swift in Sources */,
			);
			runOnlyForDeploymentPostprocessing = 0;
		};
/* End PBXSourcesBuildPhase section */

/* Begin PBXTargetDependency section */
		65A871B61944FCBB002D3121 /* PBXTargetDependency */ = {
			isa = PBXTargetDependency;
			target = 65A871A61944FCBB002D3121 /* Hompwner */;
			targetProxy = 65A871B51944FCBB002D3121 /* PBXContainerItemProxy */;
		};
/* End PBXTargetDependency section */

/* Begin XCBuildConfiguration section */
		65A871BC1944FCBB002D3121 /* Debug */ = {
			isa = XCBuildConfiguration;
			buildSettings = {
				ALWAYS_SEARCH_USER_PATHS = NO;
				CLANG_CXX_LANGUAGE_STANDARD = "gnu++0x";
				CLANG_CXX_LIBRARY = "libc++";
				CLANG_ENABLE_MODULES = YES;
				CLANG_ENABLE_OBJC_ARC = YES;
				CLANG_WARN_BOOL_CONVERSION = YES;
				CLANG_WARN_CONSTANT_CONVERSION = YES;
				CLANG_WARN_DIRECT_OBJC_ISA_USAGE = YES_ERROR;
				CLANG_WARN_EMPTY_BODY = YES;
				CLANG_WARN_ENUM_CONVERSION = YES;
				CLANG_WARN_INT_CONVERSION = YES;
				CLANG_WARN_OBJC_ROOT_CLASS = YES_ERROR;
				CLANG_WARN_UNREACHABLE_CODE = YES;
				CLANG_WARN__DUPLICATE_METHOD_MATCH = YES;
				"CODE_SIGN_IDENTITY[sdk=iphoneos*]" = "iPhone Developer";
				COPY_PHASE_STRIP = NO;
				ENABLE_STRICT_OBJC_MSGSEND = YES;
				GCC_C_LANGUAGE_STANDARD = gnu99;
				GCC_DYNAMIC_NO_PIC = NO;
				GCC_OPTIMIZATION_LEVEL = 0;
				GCC_PREPROCESSOR_DEFINITIONS = (
					"DEBUG=1",
					"$(inherited)",
				);
				GCC_SYMBOLS_PRIVATE_EXTERN = NO;
				GCC_WARN_64_TO_32_BIT_CONVERSION = YES;
				GCC_WARN_ABOUT_RETURN_TYPE = YES_ERROR;
				GCC_WARN_UNDECLARED_SELECTOR = YES;
				GCC_WARN_UNINITIALIZED_AUTOS = YES_AGGRESSIVE;
				GCC_WARN_UNUSED_FUNCTION = YES;
				GCC_WARN_UNUSED_VARIABLE = YES;
				IPHONEOS_DEPLOYMENT_TARGET = 8.0;
				METAL_ENABLE_DEBUG_INFO = YES;
				ONLY_ACTIVE_ARCH = YES;
				SDKROOT = iphoneos;
				SWIFT_OPTIMIZATION_LEVEL = "-Onone";
			};
			name = Debug;
		};
		65A871BD1944FCBB002D3121 /* Release */ = {
			isa = XCBuildConfiguration;
			buildSettings = {
				ALWAYS_SEARCH_USER_PATHS = NO;
				CLANG_CXX_LANGUAGE_STANDARD = "gnu++0x";
				CLANG_CXX_LIBRARY = "libc++";
				CLANG_ENABLE_MODULES = YES;
				CLANG_ENABLE_OBJC_ARC = YES;
				CLANG_WARN_BOOL_CONVERSION = YES;
				CLANG_WARN_CONSTANT_CONVERSION = YES;
				CLANG_WARN_DIRECT_OBJC_ISA_USAGE = YES_ERROR;
				CLANG_WARN_EMPTY_BODY = YES;
				CLANG_WARN_ENUM_CONVERSION = YES;
				CLANG_WARN_INT_CONVERSION = YES;
				CLANG_WARN_OBJC_ROOT_CLASS = YES_ERROR;
				CLANG_WARN_UNREACHABLE_CODE = YES;
				CLANG_WARN__DUPLICATE_METHOD_MATCH = YES;
				"CODE_SIGN_IDENTITY[sdk=iphoneos*]" = "iPhone Developer";
				COPY_PHASE_STRIP = YES;
				ENABLE_NS_ASSERTIONS = NO;
				ENABLE_STRICT_OBJC_MSGSEND = YES;
				GCC_C_LANGUAGE_STANDARD = gnu99;
				GCC_WARN_64_TO_32_BIT_CONVERSION = YES;
				GCC_WARN_ABOUT_RETURN_TYPE = YES_ERROR;
				GCC_WARN_UNDECLARED_SELECTOR = YES;
				GCC_WARN_UNINITIALIZED_AUTOS = YES_AGGRESSIVE;
				GCC_WARN_UNUSED_FUNCTION = YES;
				GCC_WARN_UNUSED_VARIABLE = YES;
				IPHONEOS_DEPLOYMENT_TARGET = 8.0;
				METAL_ENABLE_DEBUG_INFO = NO;
				SDKROOT = iphoneos;
				VALIDATE_PRODUCT = YES;
			};
			name = Release;
		};
		65A871BF1944FCBB002D3121 /* Debug */ = {
			isa = XCBuildConfiguration;
			buildSettings = {
				ASSETCATALOG_COMPILER_APPICON_NAME = AppIcon;
				ASSETCATALOG_COMPILER_LAUNCHIMAGE_NAME = LaunchImage;
				INFOPLIST_FILE = Hompwner/Info.plist;
				LD_RUNPATH_SEARCH_PATHS = "$(inherited) @executable_path/Frameworks";
				PRODUCT_NAME = "$(TARGET_NAME)";
			};
			name = Debug;
		};
		65A871C01944FCBB002D3121 /* Release */ = {
			isa = XCBuildConfiguration;
			buildSettings = {
				ASSETCATALOG_COMPILER_APPICON_NAME = AppIcon;
				ASSETCATALOG_COMPILER_LAUNCHIMAGE_NAME = LaunchImage;
				INFOPLIST_FILE = Hompwner/Info.plist;
				LD_RUNPATH_SEARCH_PATHS = "$(inherited) @executable_path/Frameworks";
				PRODUCT_NAME = "$(TARGET_NAME)";
			};
			name = Release;
		};
		65A871C21944FCBB002D3121 /* Debug */ = {
			isa = XCBuildConfiguration;
			buildSettings = {
				BUNDLE_LOADER = "$(BUILT_PRODUCTS_DIR)/Hompwner.app/Hompwner";
				FRAMEWORK_SEARCH_PATHS = (
					"$(SDKROOT)/Developer/Library/Frameworks",
					"$(inherited)",
				);
				GCC_PREPROCESSOR_DEFINITIONS = (
					"DEBUG=1",
					"$(inherited)",
				);
				INFOPLIST_FILE = HompwnerTests/Info.plist;
				LD_RUNPATH_SEARCH_PATHS = "$(inherited) @executable_path/Frameworks @loader_path/Frameworks";
				METAL_ENABLE_DEBUG_INFO = YES;
				PRODUCT_NAME = "$(TARGET_NAME)";
				TEST_HOST = "$(BUNDLE_LOADER)";
			};
			name = Debug;
		};
		65A871C31944FCBB002D3121 /* Release */ = {
			isa = XCBuildConfiguration;
			buildSettings = {
				BUNDLE_LOADER = "$(BUILT_PRODUCTS_DIR)/Hompwner.app/Hompwner";
				FRAMEWORK_SEARCH_PATHS = (
					"$(SDKROOT)/Developer/Library/Frameworks",
					"$(inherited)",
				);
				INFOPLIST_FILE = HompwnerTests/Info.plist;
				LD_RUNPATH_SEARCH_PATHS = "$(inherited) @executable_path/Frameworks @loader_path/Frameworks";
				METAL_ENABLE_DEBUG_INFO = NO;
				PRODUCT_NAME = "$(TARGET_NAME)";
				TEST_HOST = "$(BUNDLE_LOADER)";
			};
			name = Release;
		};
/* End XCBuildConfiguration section */

/* Begin XCConfigurationList section */
		65A871A21944FCBB002D3121 /* Build configuration list for PBXProject "Hompwner" */ = {
			isa = XCConfigurationList;
			buildConfigurations = (
				65A871BC1944FCBB002D3121 /* Debug */,
				65A871BD1944FCBB002D3121 /* Release */,
			);
			defaultConfigurationIsVisible = 0;
			defaultConfigurationName = Release;
		};
		65A871BE1944FCBB002D3121 /* Build configuration list for PBXNativeTarget "Hompwner" */ = {
			isa = XCConfigurationList;
			buildConfigurations = (
				65A871BF1944FCBB002D3121 /* Debug */,
				65A871C01944FCBB002D3121 /* Release */,
			);
			defaultConfigurationIsVisible = 0;
			defaultConfigurationName = Release;
		};
		65A871C11944FCBB002D3121 /* Build configuration list for PBXNativeTarget "HompwnerTests" */ = {
			isa = XCConfigurationList;
			buildConfigurations = (
				65A871C21944FCBB002D3121 /* Debug */,
				65A871C31944FCBB002D3121 /* Release */,
			);
			defaultConfigurationIsVisible = 0;
			defaultConfigurationName = Release;
		};
/* End XCConfigurationList section */
	};
	rootObject = 65A8719F1944FCBB002D3121 /* Project object */;
}
